// !$*UTF8*$!
{
	archiveVersion = 1;
	classes = {
	};
	objectVersion = 50;
	objects = {

/* Begin PBXBuildFile section */
		69041D2820D70CB000BD09DE /* AppDelegate.swift in Sources */ = {isa = PBXBuildFile; fileRef = 69041D2720D70CB000BD09DE /* AppDelegate.swift */; };
		69041D2A20D70CB000BD09DE /* ViewController.swift in Sources */ = {isa = PBXBuildFile; fileRef = 69041D2920D70CB000BD09DE /* ViewController.swift */; };
		69041D2D20D70CB000BD09DE /* Main.storyboard in Resources */ = {isa = PBXBuildFile; fileRef = 69041D2B20D70CB000BD09DE /* Main.storyboard */; };
		69041D2F20D70CB200BD09DE /* Assets.xcassets in Resources */ = {isa = PBXBuildFile; fileRef = 69041D2E20D70CB200BD09DE /* Assets.xcassets */; };
		69041D3220D70CB200BD09DE /* LaunchScreen.storyboard in Resources */ = {isa = PBXBuildFile; fileRef = 69041D3020D70CB200BD09DE /* LaunchScreen.storyboard */; };
/* End PBXBuildFile section */

/* Begin PBXFileReference section */
		69041D2420D70CB000BD09DE /* Rocca dei Rettori.app */ = {isa = PBXFileReference; explicitFileType = wrapper.application; includeInIndex = 0; path = "Rocca dei Rettori.app"; sourceTree = BUILT_PRODUCTS_DIR; };
		69041D2720D70CB000BD09DE /* AppDelegate.swift */ = {isa = PBXFileReference; lastKnownFileType = sourcecode.swift; path = AppDelegate.swift; sourceTree = "<group>"; };
		69041D2920D70CB000BD09DE /* ViewController.swift */ = {isa = PBXFileReference; lastKnownFileType = sourcecode.swift; path = ViewController.swift; sourceTree = "<group>"; };
		69041D2C20D70CB000BD09DE /* Base */ = {isa = PBXFileReference; lastKnownFileType = file.storyboard; name = Base; path = Base.lproj/Main.storyboard; sourceTree = "<group>"; };
		69041D2E20D70CB200BD09DE /* Assets.xcassets */ = {isa = PBXFileReference; lastKnownFileType = folder.assetcatalog; path = Assets.xcassets; sourceTree = "<group>"; };
		69041D3120D70CB200BD09DE /* Base */ = {isa = PBXFileReference; lastKnownFileType = file.storyboard; name = Base; path = Base.lproj/LaunchScreen.storyboard; sourceTree = "<group>"; };
		69041D3320D70CB200BD09DE /* Info.plist */ = {isa = PBXFileReference; lastKnownFileType = text.plist.xml; path = Info.plist; sourceTree = "<group>"; };
/* End PBXFileReference section */

/* Begin PBXFrameworksBuildPhase section */
		69041D2120D70CB000BD09DE /* Frameworks */ = {
			isa = PBXFrameworksBuildPhase;
			buildActionMask = 2147483647;
			files = (
			);
			runOnlyForDeploymentPostprocessing = 0;
		};
/* End PBXFrameworksBuildPhase section */

/* Begin PBXGroup section */
		69041D1B20D70CB000BD09DE = {
			isa = PBXGroup;
			children = (
				69041D2620D70CB000BD09DE /* Rocca dei Rettori */,
				69041D2520D70CB000BD09DE /* Products */,
			);
			sourceTree = "<group>";
		};
		69041D2520D70CB000BD09DE /* Products */ = {
			isa = PBXGroup;
			children = (
				69041D2420D70CB000BD09DE /* Rocca dei Rettori.app */,
			);
			name = Products;
			sourceTree = "<group>";
		};
		69041D2620D70CB000BD09DE /* Rocca dei Rettori */ = {
			isa = PBXGroup;
			children = (
				69041D2720D70CB000BD09DE /* AppDelegate.swift */,
				69041D2920D70CB000BD09DE /* ViewController.swift */,
				69041D2B20D70CB000BD09DE /* Main.storyboard */,
				69041D2E20D70CB200BD09DE /* Assets.xcassets */,
				69041D3020D70CB200BD09DE /* LaunchScreen.storyboard */,
				69041D3320D70CB200BD09DE /* Info.plist */,
			);
			path = "Rocca dei Rettori";
			sourceTree = "<group>";
		};
/* End PBXGroup section */

/* Begin PBXNativeTarget section */
		69041D2320D70CB000BD09DE /* Rocca dei Rettori */ = {
			isa = PBXNativeTarget;
			buildConfigurationList = 69041D3620D70CB200BD09DE /* Build configuration list for PBXNativeTarget "Rocca dei Rettori" */;
			buildPhases = (
				69041D2020D70CB000BD09DE /* Sources */,
				69041D2120D70CB000BD09DE /* Frameworks */,
				69041D2220D70CB000BD09DE /* Resources */,
			);
			buildRules = (
			);
			dependencies = (
			);
			name = "Rocca dei Rettori";
			productName = "Rocca dei Rettori";
			productReference = 69041D2420D70CB000BD09DE /* Rocca dei Rettori.app */;
			productType = "com.apple.product-type.application";
		};
/* End PBXNativeTarget section */

/* Begin PBXProject section */
		69041D1C20D70CB000BD09DE /* Project object */ = {
			isa = PBXProject;
			attributes = {
				LastSwiftUpdateCheck = 1000;
				LastUpgradeCheck = 1000;
				ORGANIZATIONNAME = "Denis Bystruev";
				TargetAttributes = {
					69041D2320D70CB000BD09DE = {
						CreatedOnToolsVersion = 10.0;
					};
				};
			};
			buildConfigurationList = 69041D1F20D70CB000BD09DE /* Build configuration list for PBXProject "Rocca dei Rettori" */;
			compatibilityVersion = "Xcode 9.3";
			developmentRegion = en;
			hasScannedForEncodings = 0;
			knownRegions = (
				en,
				Base,
			);
			mainGroup = 69041D1B20D70CB000BD09DE;
			productRefGroup = 69041D2520D70CB000BD09DE /* Products */;
			projectDirPath = "";
			projectRoot = "";
			targets = (
				69041D2320D70CB000BD09DE /* Rocca dei Rettori */,
			);
		};
/* End PBXProject section */

/* Begin PBXResourcesBuildPhase section */
		69041D2220D70CB000BD09DE /* Resources */ = {
			isa = PBXResourcesBuildPhase;
			buildActionMask = 2147483647;
			files = (
				69041D3220D70CB200BD09DE /* LaunchScreen.storyboard in Resources */,
				69041D2F20D70CB200BD09DE /* Assets.xcassets in Resources */,
				69041D2D20D70CB000BD09DE /* Main.storyboard in Resources */,
			);
			runOnlyForDeploymentPostprocessing = 0;
		};
/* End PBXResourcesBuildPhase section */

/* Begin PBXSourcesBuildPhase section */
		69041D2020D70CB000BD09DE /* Sources */ = {
			isa = PBXSourcesBuildPhase;
			buildActionMask = 2147483647;
			files = (
				69041D2A20D70CB000BD09DE /* ViewController.swift in Sources */,
				69041D2820D70CB000BD09DE /* AppDelegate.swift in Sources */,
			);
			runOnlyForDeploymentPostprocessing = 0;
		};
/* End PBXSourcesBuildPhase section */

/* Begin PBXVariantGroup section */
		69041D2B20D70CB000BD09DE /* Main.storyboard */ = {
			isa = PBXVariantGroup;
			children = (
				69041D2C20D70CB000BD09DE /* Base */,
			);
			name = Main.storyboard;
			sourceTree = "<group>";
		};
		69041D3020D70CB200BD09DE /* LaunchScreen.storyboard */ = {
			isa = PBXVariantGroup;
			children = (
				69041D3120D70CB200BD09DE /* Base */,
			);
			name = LaunchScreen.storyboard;
			sourceTree = "<group>";
		};
/* End PBXVariantGroup section */

/* Begin XCBuildConfiguration section */
		69041D3420D70CB200BD09DE /* Debug */ = {
			isa = XCBuildConfiguration;
			buildSettings = {
				ALWAYS_SEARCH_USER_PATHS = NO;
				CLANG_ANALYZER_NONNULL = YES;
				CLANG_ANALYZER_NUMBER_OBJECT_CONVERSION = YES_AGGRESSIVE;
				CLANG_CXX_LANGUAGE_STANDARD = "gnu++14";
				CLANG_CXX_LIBRARY = "libc++";
				CLANG_ENABLE_MODULES = YES;
				CLANG_ENABLE_OBJC_ARC = YES;
				CLANG_ENABLE_OBJC_WEAK = YES;
				CLANG_WARN_BLOCK_CAPTURE_AUTORELEASING = YES;
				CLANG_WARN_BOOL_CONVERSION = YES;
				CLANG_WARN_COMMA = YES;
				CLANG_WARN_CONSTANT_CONVERSION = YES;
				CLANG_WARN_DEPRECATED_OBJC_IMPLEMENTATIONS = YES;
				CLANG_WARN_DIRECT_OBJC_ISA_USAGE = YES_ERROR;
				CLANG_WARN_DOCUMENTATION_COMMENTS = YES;
				CLANG_WARN_EMPTY_BODY = YES;
				CLANG_WARN_ENUM_CONVERSION = YES;
				CLANG_WARN_INFINITE_RECURSION = YES;
				CLANG_WARN_INT_CONVERSION = YES;
				CLANG_WARN_NON_LITERAL_NULL_CONVERSION = YES;
				CLANG_WARN_OBJC_IMPLICIT_RETAIN_SELF = YES;
				CLANG_WARN_OBJC_LITERAL_CONVERSION = YES;
				CLANG_WARN_OBJC_ROOT_CLASS = YES_ERROR;
				CLANG_WARN_RANGE_LOOP_ANALYSIS = YES;
				CLANG_WARN_STRICT_PROTOTYPES = YES;
				CLANG_WARN_SUSPICIOUS_MOVE = YES;
				CLANG_WARN_UNGUARDED_AVAILABILITY = YES_AGGRESSIVE;
				CLANG_WARN_UNREACHABLE_CODE = YES;
				CLANG_WARN__DUPLICATE_METHOD_MATCH = YES;
				CODE_SIGN_IDENTITY = "iPhone Developer";
				COPY_PHASE_STRIP = NO;
				DEBUG_INFORMATION_FORMAT = dwarf;
				ENABLE_STRICT_OBJC_MSGSEND = YES;
				ENABLE_TESTABILITY = YES;
				GCC_C_LANGUAGE_STANDARD = gnu11;
				GCC_DYNAMIC_NO_PIC = NO;
				GCC_NO_COMMON_BLOCKS = YES;
				GCC_OPTIMIZATION_LEVEL = 0;
				GCC_PREPROCESSOR_DEFINITIONS = (
					"DEBUG=1",
					"$(inherited)",
				);
				GCC_WARN_64_TO_32_BIT_CONVERSION = YES;
				GCC_WARN_ABOUT_RETURN_TYPE = YES_ERROR;
				GCC_WARN_UNDECLARED_SELECTOR = YES;
				GCC_WARN_UNINITIALIZED_AUTOS = YES_AGGRESSIVE;
				GCC_WARN_UNUSED_FUNCTION = YES;
				GCC_WARN_UNUSED_VARIABLE = YES;
				IPHONEOS_DEPLOYMENT_TARGET = 12.0;
				MTL_ENABLE_DEBUG_INFO = INCLUDE_SOURCE;
				ONLY_ACTIVE_ARCH = YES;
				SDKROOT = iphoneos;
				SWIFT_ACTIVE_COMPILATION_CONDITIONS = DEBUG;
				SWIFT_OPTIMIZATION_LEVEL = "-Onone";
			};
			name = Debug;
		};
		69041D3520D70CB200BD09DE /* Release */ = {
			isa = XCBuildConfiguration;
			buildSettings = {
				ALWAYS_SEARCH_USER_PATHS = NO;
				CLANG_ANALYZER_NONNULL = YES;
				CLANG_ANALYZER_NUMBER_OBJECT_CONVERSION = YES_AGGRESSIVE;
				CLANG_CXX_LANGUAGE_STANDARD = "gnu++14";
				CLANG_CXX_LIBRARY = "libc++";
				CLANG_ENABLE_MODULES = YES;
				CLANG_ENABLE_OBJC_ARC = YES;
				CLANG_ENABLE_OBJC_WEAK = YES;
				CLANG_WARN_BLOCK_CAPTURE_AUTORELEASING = YES;
				CLANG_WARN_BOOL_CONVERSION = YES;
				CLANG_WARN_COMMA = YES;
				CLANG_WARN_CONSTANT_CONVERSION = YES;
				CLANG_WARN_DEPRECATED_OBJC_IMPLEMENTATIONS = YES;
				CLANG_WARN_DIRECT_OBJC_ISA_USAGE = YES_ERROR;
				CLANG_WARN_DOCUMENTATION_COMMENTS = YES;
				CLANG_WARN_EMPTY_BODY = YES;
				CLANG_WARN_ENUM_CONVERSION = YES;
				CLANG_WARN_INFINITE_RECURSION = YES;
				CLANG_WARN_INT_CONVERSION = YES;
				CLANG_WARN_NON_LITERAL_NULL_CONVERSION = YES;
				CLANG_WARN_OBJC_IMPLICIT_RETAIN_SELF = YES;
				CLANG_WARN_OBJC_LITERAL_CONVERSION = YES;
				CLANG_WARN_OBJC_ROOT_CLASS = YES_ERROR;
				CLANG_WARN_RANGE_LOOP_ANALYSIS = YES;
				CLANG_WARN_STRICT_PROTOTYPES = YES;
				CLANG_WARN_SUSPICIOUS_MOVE = YES;
				CLANG_WARN_UNGUARDED_AVAILABILITY = YES_AGGRESSIVE;
				CLANG_WARN_UNREACHABLE_CODE = YES;
				CLANG_WARN__DUPLICATE_METHOD_MATCH = YES;
				CODE_SIGN_IDENTITY = "iPhone Developer";
				COPY_PHASE_STRIP = NO;
				DEBUG_INFORMATION_FORMAT = "dwarf-with-dsym";
				ENABLE_NS_ASSERTIONS = NO;
				ENABLE_STRICT_OBJC_MSGSEND = YES;
				GCC_C_LANGUAGE_STANDARD = gnu11;
				GCC_NO_COMMON_BLOCKS = YES;
				GCC_WARN_64_TO_32_BIT_CONVERSION = YES;
				GCC_WARN_ABOUT_RETURN_TYPE = YES_ERROR;
				GCC_WARN_UNDECLARED_SELECTOR = YES;
				GCC_WARN_UNINITIALIZED_AUTOS = YES_AGGRESSIVE;
				GCC_WARN_UNUSED_FUNCTION = YES;
				GCC_WARN_UNUSED_VARIABLE = YES;
				IPHONEOS_DEPLOYMENT_TARGET = 12.0;
				MTL_ENABLE_DEBUG_INFO = NO;
				SDKROOT = iphoneos;
				SWIFT_COMPILATION_MODE = wholemodule;
				SWIFT_OPTIMIZATION_LEVEL = "-O";
				VALIDATE_PRODUCT = YES;
			};
			name = Release;
		};
		69041D3720D70CB200BD09DE /* Debug */ = {
			isa = XCBuildConfiguration;
			buildSettings = {
				ASSETCATALOG_COMPILER_APPICON_NAME = AppIcon;
				CODE_SIGN_STYLE = Automatic;
				DEVELOPMENT_TEAM = 8J39KF9DMS;
				INFOPLIST_FILE = "Rocca dei Rettori/Info.plist";
				LD_RUNPATH_SEARCH_PATHS = (
					"$(inherited)",
					"@executable_path/Frameworks",
				);
				PRODUCT_BUNDLE_IDENTIFIER = "ru.learnSwift.Rocca-dei-Rettori";
				PRODUCT_NAME = "$(TARGET_NAME)";
				SWIFT_VERSION = 4.2;
				TARGETED_DEVICE_FAMILY = "1,2";
			};
			name = Debug;
		};
		69041D3820D70CB200BD09DE /* Release */ = {
			isa = XCBuildConfiguration;
			buildSettings = {
				ASSETCATALOG_COMPILER_APPICON_NAME = AppIcon;
				CODE_SIGN_STYLE = Automatic;
				DEVELOPMENT_TEAM = 8J39KF9DMS;
				INFOPLIST_FILE = "Rocca dei Rettori/Info.plist";
				LD_RUNPATH_SEARCH_PATHS = (
					"$(inherited)",
					"@executable_path/Frameworks",
				);
				PRODUCT_BUNDLE_IDENTIFIER = "ru.learnSwift.Rocca-dei-Rettori";
				PRODUCT_NAME = "$(TARGET_NAME)";
				SWIFT_VERSION = 4.2;
				TARGETED_DEVICE_FAMILY = "1,2";
			};
			name = Release;
		};
/* End XCBuildConfiguration section */

/* Begin XCConfigurationList section */
		69041D1F20D70CB000BD09DE /* Build configuration list for PBXProject "Rocca dei Rettori" */ = {
			isa = XCConfigurationList;
			buildConfigurations = (
				69041D3420D70CB200BD09DE /* Debug */,
				69041D3520D70CB200BD09DE /* Release */,
			);
			defaultConfigurationIsVisible = 0;
			defaultConfigurationName = Release;
		};
		69041D3620D70CB200BD09DE /* Build configuration list for PBXNativeTarget "Rocca dei Rettori" */ = {
			isa = XCConfigurationList;
			buildConfigurations = (
				69041D3720D70CB200BD09DE /* Debug */,
				69041D3820D70CB200BD09DE /* Release */,
			);
			defaultConfigurationIsVisible = 0;
			defaultConfigurationName = Release;
		};
/* End XCConfigurationList section */
	};
	rootObject = 69041D1C20D70CB000BD09DE /* Project object */;
}
